# THIS IS AN AUTOGENERATED FILE. DO NOT EDIT THIS FILE DIRECTLY.
# yarn lockfile v1


"@bower_components/google-apis@GoogleWebComponents/google-apis#^1.1.7":
  version "0.0.0"
  resolved "https://codeload.github.com/GoogleWebComponents/google-apis/tar.gz/f49556ed82feab560202c9d13c1a7f0a77c80171"

"@bower_components/google-map@GoogleWebComponents/google-map#^1.1.13":
  version "0.0.0"
  resolved "https://codeload.github.com/GoogleWebComponents/google-map/tar.gz/b598af8af3a1d340cea27c5d2c2dc15665815468"

"@bower_components/iron-jsonp-library@PolymerElements/iron-jsonp-library#^1.0.0":
  version "0.0.0"
  resolved "https://codeload.github.com/PolymerElements/iron-jsonp-library/tar.gz/b06ee1e480022a5803545288057f2fb3c3520d67"

"@bower_components/iron-resizable-behavior@PolymerElements/iron-resizable-behavior#^1.0.5":
  version "0.0.0"
  resolved "https://codeload.github.com/PolymerElements/iron-resizable-behavior/tar.gz/13969b17cc06675e5887f6957b202cda7bfb9524"

"@bower_components/iron-selector@PolymerElements/iron-selector#^1.5.2":
  version "0.0.0"
  resolved "https://codeload.github.com/PolymerElements/iron-selector/tar.gz/6486761a670829e2c34625abed0b773b6d9230d6"

"@bower_components/polymer@Polymer/polymer#^1.7.1":
  version "0.0.0"
  resolved "https://codeload.github.com/Polymer/polymer/tar.gz/1dcf3839b3ce058d2d87737674a25ecdd7343f9a"

"@bower_components/webcomponentsjs@webcomponents/webcomponentsjs#^0.7.24":
  version "0.7.24"
  resolved "https://codeload.github.com/webcomponents/webcomponentsjs/tar.gz/8a2e40557b177e2cca0def2553f84c8269c8f93e"
